
Microsoft Visual Studio Solution File, Format Version 12.00
# Visual Studio Version 17
VisualStudioVersion = 17.3.32929.385
MinimumVisualStudioVersion = 10.0.40219.1
Project("{E24C65DC-7377-472B-9ABA-BC803B73C61A}") = "CtrlEstudUniv-RotmanVargas", "CtrlEstudUniv-RotmanVargas\", "{A933F542-9F6E-4957-82BB-C27F13E00FD2}"
	ProjectSection(WebsiteProperties) = preProject
		TargetFrameworkMoniker = ".NETFramework,Version%3Dv4.7.2"
		Debug.AspNetCompiler.VirtualPath = "/localhost_49874"
		Debug.AspNetCompiler.PhysicalPath = "CtrlEstudUniv-RotmanVargas\"
		Debug.AspNetCompiler.TargetPath = "PrecompiledWeb\localhost_49874\"
		Debug.AspNetCompiler.Updateable = "true"
		Debug.AspNetCompiler.ForceOverwrite = "true"
		Debug.AspNetCompiler.FixedNames = "false"
		Debug.AspNetCompiler.Debug = "True"
		Release.AspNetCompiler.VirtualPath = "/localhost_49874"
		Release.AspNetCompiler.PhysicalPath = "CtrlEstudUniv-RotmanVargas\"
		Release.AspNetCompiler.TargetPath = "PrecompiledWeb\localhost_49874\"
		Release.AspNetCompiler.Updateable = "true"
		Release.AspNetCompiler.ForceOverwrite = "true"
		Release.AspNetCompiler.FixedNames = "false"
		Release.AspNetCompiler.Debug = "False"
		VWDPort = "49874"
		SlnRelativePath = "CtrlEstudUniv-RotmanVargas\"
		DefaultWebSiteLanguage = "Visual C#"
	EndProjectSection
EndProject
Global
	GlobalSection(SolutionConfigurationPlatforms) = preSolution
		Debug|Any CPU = Debug|Any CPU
	EndGlobalSection
	GlobalSection(ProjectConfigurationPlatforms) = postSolution
		{A933F542-9F6E-4957-82BB-C27F13E00FD2}.Debug|Any CPU.ActiveCfg = Debug|Any CPU
		{A933F542-9F6E-4957-82BB-C27F13E00FD2}.Debug|Any CPU.Build.0 = Debug|Any CPU
	EndGlobalSection
	GlobalSection(SolutionProperties) = preSolution
		HideSolutionNode = FALSE
	EndGlobalSection
	GlobalSection(ExtensibilityGlobals) = postSolution
		SolutionGuid = {FD13792A-9F87-4FEC-9F70-7C25F87A88F3}
	EndGlobalSection
EndGlobal
